
Microsoft Visual Studio Solution File, Format Version 12.00
# Visual Studio Version 16
VisualStudioVersion = 16.0.31229.75
MinimumVisualStudioVersion = 10.0.40219.1
Project("{FAE04EC0-301F-11D3-BF4B-00C04F79EFBC}") = "Weather", "Weather\Weather.csproj", "{8FD28A43-A6EE-4331-8AC3-CC0958D4FB7F}"
EndProject
Project("{FAE04EC0-301F-11D3-BF4B-00C04F79EFBC}") = "Weather.Services", "Weather.Services\Weather.Services.csproj", "{6041D989-4B41-43A5-8A74-D5D6E84CBCEE}"
EndProject
Project("{FAE04EC0-301F-11D3-BF4B-00C04F79EFBC}") = "Weather.Entities", "Weather.Entities\Weather.Entities.csproj", "{93474A77-4B97-4424-8FA9-91F949B2CE35}"
EndProject
Global
	GlobalSection(SolutionConfigurationPlatforms) = preSolution
		Debug|Any CPU = Debug|Any CPU
		Release|Any CPU = Release|Any CPU
	EndGlobalSection
	GlobalSection(ProjectConfigurationPlatforms) = postSolution
		{8FD28A43-A6EE-4331-8AC3-CC0958D4FB7F}.Debug|Any CPU.ActiveCfg = Debug|Any CPU
		{8FD28A43-A6EE-4331-8AC3-CC0958D4FB7F}.Debug|Any CPU.Build.0 = Debug|Any CPU
		{8FD28A43-A6EE-4331-8AC3-CC0958D4FB7F}.Release|Any CPU.ActiveCfg = Release|Any CPU
		{8FD28A43-A6EE-4331-8AC3-CC0958D4FB7F}.Release|Any CPU.Build.0 = Release|Any CPU
		{6041D989-4B41-43A5-8A74-D5D6E84CBCEE}.Debug|Any CPU.ActiveCfg = Debug|Any CPU
		{6041D989-4B41-43A5-8A74-D5D6E84CBCEE}.Debug|Any CPU.Build.0 = Debug|Any CPU
		{6041D989-4B41-43A5-8A74-D5D6E84CBCEE}.Release|Any CPU.ActiveCfg = Release|Any CPU
		{6041D989-4B41-43A5-8A74-D5D6E84CBCEE}.Release|Any CPU.Build.0 = Release|Any CPU
		{93474A77-4B97-4424-8FA9-91F949B2CE35}.Debug|Any CPU.ActiveCfg = Debug|Any CPU
		{93474A77-4B97-4424-8FA9-91F949B2CE35}.Debug|Any CPU.Build.0 = Debug|Any CPU
		{93474A77-4B97-4424-8FA9-91F949B2CE35}.Release|Any CPU.ActiveCfg = Release|Any CPU
		{93474A77-4B97-4424-8FA9-91F949B2CE35}.Release|Any CPU.Build.0 = Release|Any CPU
	EndGlobalSection
	GlobalSection(SolutionProperties) = preSolution
		HideSolutionNode = FALSE
	EndGlobalSection
	GlobalSection(ExtensibilityGlobals) = postSolution
		SolutionGuid = {E8454474-EDD5-4003-87A6-5DC73AA7A956}
	EndGlobalSection
EndGlobal
